
Microsoft Visual Studio Solution File, Format Version 10.00
# Visual Studio 2008
Project("{FAE04EC0-301F-11D3-BF4B-00C04F79EFBC}") = "SwissMonitor", "SwissMonitor\SwissMonitor.csproj", "{1B43C197-3AA1-4BFC-B5C5-4B23A6A1527B}"
EndProject
Project("{FAE04EC0-301F-11D3-BF4B-00C04F79EFBC}") = "TestService", "TestService\TestService.csproj", "{A678ACAC-4335-4D6D-88C8-A83C1932D6B3}"
EndProject
Project("{FAE04EC0-301F-11D3-BF4B-00C04F79EFBC}") = "ServiceKiller", "ServiceKiller\ServiceKiller.csproj", "{89020048-F4CA-4A28-922B-16B9651434B9}"
EndProject
Project("{2150E333-8FDC-42A3-9474-1A3956D46DE8}") = "libs", "libs", "{C42282FB-D04E-4EBF-89EB-CE179C2D9C9D}"
	ProjectSection(SolutionItems) = preProject
		libs\MySql.Data.dll = libs\MySql.Data.dll
	EndProjectSection
EndProject
Global
	GlobalSection(SolutionConfigurationPlatforms) = preSolution
		Debug|Any CPU = Debug|Any CPU
		Release|Any CPU = Release|Any CPU
	EndGlobalSection
	GlobalSection(ProjectConfigurationPlatforms) = postSolution
		{1B43C197-3AA1-4BFC-B5C5-4B23A6A1527B}.Debug|Any CPU.ActiveCfg = Debug|Any CPU
		{1B43C197-3AA1-4BFC-B5C5-4B23A6A1527B}.Debug|Any CPU.Build.0 = Debug|Any CPU
		{1B43C197-3AA1-4BFC-B5C5-4B23A6A1527B}.Release|Any CPU.ActiveCfg = Release|Any CPU
		{1B43C197-3AA1-4BFC-B5C5-4B23A6A1527B}.Release|Any CPU.Build.0 = Release|Any CPU
		{A678ACAC-4335-4D6D-88C8-A83C1932D6B3}.Debug|Any CPU.ActiveCfg = Debug|Any CPU
		{A678ACAC-4335-4D6D-88C8-A83C1932D6B3}.Debug|Any CPU.Build.0 = Debug|Any CPU
		{A678ACAC-4335-4D6D-88C8-A83C1932D6B3}.Release|Any CPU.ActiveCfg = Release|Any CPU
		{A678ACAC-4335-4D6D-88C8-A83C1932D6B3}.Release|Any CPU.Build.0 = Release|Any CPU
		{89020048-F4CA-4A28-922B-16B9651434B9}.Debug|Any CPU.ActiveCfg = Debug|Any CPU
		{89020048-F4CA-4A28-922B-16B9651434B9}.Debug|Any CPU.Build.0 = Debug|Any CPU
		{89020048-F4CA-4A28-922B-16B9651434B9}.Release|Any CPU.ActiveCfg = Release|Any CPU
		{89020048-F4CA-4A28-922B-16B9651434B9}.Release|Any CPU.Build.0 = Release|Any CPU
	EndGlobalSection
	GlobalSection(SolutionProperties) = preSolution
		HideSolutionNode = FALSE
	EndGlobalSection
	GlobalSection(ExtensibilityGlobals) = postSolution
		VisualSVNWorkingCopyRoot = .
	EndGlobalSection
EndGlobal
